
Microsoft Visual Studio Solution File, Format Version 12.00
# Visual Studio Version 17
VisualStudioVersion = 17.12.35527.113 d17.12
MinimumVisualStudioVersion = 10.0.40219.1
Project("{FAE04EC0-301F-11D3-BF4B-00C04F79EFBC}") = "TrackMyExpenses", "TrackMyExpenses.csproj", "{71F93A65-3925-4826-8FF8-CB85BADF2B57}"
EndProject
Global
	GlobalSection(SolutionConfigurationPlatforms) = preSolution
		Debug|Any CPU = Debug|Any CPU
		Release|Any CPU = Release|Any CPU
	EndGlobalSection
	GlobalSection(ProjectConfigurationPlatforms) = postSolution
		{71F93A65-3925-4826-8FF8-CB85BADF2B57}.Debug|Any CPU.ActiveCfg = Debug|Any CPU
		{71F93A65-3925-4826-8FF8-CB85BADF2B57}.Debug|Any CPU.Build.0 = Debug|Any CPU
		{71F93A65-3925-4826-8FF8-CB85BADF2B57}.Debug|Any CPU.Deploy.0 = Debug|Any CPU
		{71F93A65-3925-4826-8FF8-CB85BADF2B57}.Release|Any CPU.ActiveCfg = Release|Any CPU
		{71F93A65-3925-4826-8FF8-CB85BADF2B57}.Release|Any CPU.Build.0 = Release|Any CPU
		{71F93A65-3925-4826-8FF8-CB85BADF2B57}.Release|Any CPU.Deploy.0 = Release|Any CPU
	EndGlobalSection
	GlobalSection(SolutionProperties) = preSolution
		HideSolutionNode = FALSE
	EndGlobalSection
EndGlobal
